// !$*UTF8*$!
{
	archiveVersion = 1;
	classes = {
	};
	objectVersion = 56;
	objects = {

/* Begin PBXBuildFile section */
		1F0D4EC52AE6CFFA00D5BFCD /* ShogibanView.swift in Sources */ = {isa = PBXBuildFile; fileRef = 1F4796612ADAA56B004FBF54 /* ShogibanView.swift */; };
		1F4796372ADAA37C004FBF54 /* ShogibanApp.swift in Sources */ = {isa = PBXBuildFile; fileRef = 1F4796362ADAA37C004FBF54 /* ShogibanApp.swift */; };
		1F4796392ADAA37C004FBF54 /* ContentView.swift in Sources */ = {isa = PBXBuildFile; fileRef = 1F4796382ADAA37C004FBF54 /* ContentView.swift */; };
		1F47963B2ADAA37E004FBF54 /* Assets.xcassets in Resources */ = {isa = PBXBuildFile; fileRef = 1F47963A2ADAA37E004FBF54 /* Assets.xcassets */; };
		1F47963F2ADAA37E004FBF54 /* Preview Assets.xcassets in Resources */ = {isa = PBXBuildFile; fileRef = 1F47963E2ADAA37E004FBF54 /* Preview Assets.xcassets */; };
		1F4796492ADAA37E004FBF54 /* ShogibanTests.swift in Sources */ = {isa = PBXBuildFile; fileRef = 1F4796482ADAA37E004FBF54 /* ShogibanTests.swift */; };
		1F4796532ADAA37E004FBF54 /* ShogibanUITests.swift in Sources */ = {isa = PBXBuildFile; fileRef = 1F4796522ADAA37E004FBF54 /* ShogibanUITests.swift */; };
		1F4796552ADAA37E004FBF54 /* ShogibanUITestsLaunchTests.swift in Sources */ = {isa = PBXBuildFile; fileRef = 1F4796542ADAA37E004FBF54 /* ShogibanUITestsLaunchTests.swift */; };
		1F4796622ADAA56B004FBF54 /* ShogibanView.swift in Sources */ = {isa = PBXBuildFile; fileRef = 1F4796612ADAA56B004FBF54 /* ShogibanView.swift */; };
		1FE599B12AE36B5100FDD617 /* Shogiban.swift in Sources */ = {isa = PBXBuildFile; fileRef = 1FE599B02AE36B5100FDD617 /* Shogiban.swift */; };
		1FE599B32AE4998600FDD617 /* Shogiban.swift in Sources */ = {isa = PBXBuildFile; fileRef = 1FE599B02AE36B5100FDD617 /* Shogiban.swift */; };
/* End PBXBuildFile section */

/* Begin PBXContainerItemProxy section */
		1F4796452ADAA37E004FBF54 /* PBXContainerItemProxy */ = {
			isa = PBXContainerItemProxy;
			containerPortal = 1F47962B2ADAA37C004FBF54 /* Project object */;
			proxyType = 1;
			remoteGlobalIDString = 1F4796322ADAA37C004FBF54;
			remoteInfo = Shogiban;
		};
		1F47964F2ADAA37E004FBF54 /* PBXContainerItemProxy */ = {
			isa = PBXContainerItemProxy;
			containerPortal = 1F47962B2ADAA37C004FBF54 /* Project object */;
			proxyType = 1;
			remoteGlobalIDString = 1F4796322ADAA37C004FBF54;
			remoteInfo = Shogiban;
		};
/* End PBXContainerItemProxy section */

/* Begin PBXFileReference section */
		1F4796332ADAA37C004FBF54 /* Shogiban.app */ = {isa = PBXFileReference; explicitFileType = wrapper.application; includeInIndex = 0; path = Shogiban.app; sourceTree = BUILT_PRODUCTS_DIR; };
		1F4796362ADAA37C004FBF54 /* ShogibanApp.swift */ = {isa = PBXFileReference; lastKnownFileType = sourcecode.swift; path = ShogibanApp.swift; sourceTree = "<group>"; };
		1F4796382ADAA37C004FBF54 /* ContentView.swift */ = {isa = PBXFileReference; lastKnownFileType = sourcecode.swift; path = ContentView.swift; sourceTree = "<group>"; };
		1F47963A2ADAA37E004FBF54 /* Assets.xcassets */ = {isa = PBXFileReference; lastKnownFileType = folder.assetcatalog; path = Assets.xcassets; sourceTree = "<group>"; };
		1F47963C2ADAA37E004FBF54 /* Shogiban.entitlements */ = {isa = PBXFileReference; lastKnownFileType = text.plist.entitlements; path = Shogiban.entitlements; sourceTree = "<group>"; };
		1F47963E2ADAA37E004FBF54 /* Preview Assets.xcassets */ = {isa = PBXFileReference; lastKnownFileType = folder.assetcatalog; path = "Preview Assets.xcassets"; sourceTree = "<group>"; };
		1F4796442ADAA37E004FBF54 /* ShogibanTests.xctest */ = {isa = PBXFileReference; explicitFileType = wrapper.cfbundle; includeInIndex = 0; path = ShogibanTests.xctest; sourceTree = BUILT_PRODUCTS_DIR; };
		1F4796482ADAA37E004FBF54 /* ShogibanTests.swift */ = {isa = PBXFileReference; lastKnownFileType = sourcecode.swift; path = ShogibanTests.swift; sourceTree = "<group>"; };
		1F47964E2ADAA37E004FBF54 /* ShogibanUITests.xctest */ = {isa = PBXFileReference; explicitFileType = wrapper.cfbundle; includeInIndex = 0; path = ShogibanUITests.xctest; sourceTree = BUILT_PRODUCTS_DIR; };
		1F4796522ADAA37E004FBF54 /* ShogibanUITests.swift */ = {isa = PBXFileReference; lastKnownFileType = sourcecode.swift; path = ShogibanUITests.swift; sourceTree = "<group>"; };
		1F4796542ADAA37E004FBF54 /* ShogibanUITestsLaunchTests.swift */ = {isa = PBXFileReference; lastKnownFileType = sourcecode.swift; path = ShogibanUITestsLaunchTests.swift; sourceTree = "<group>"; };
		1F4796612ADAA56B004FBF54 /* ShogibanView.swift */ = {isa = PBXFileReference; lastKnownFileType = sourcecode.swift; path = ShogibanView.swift; sourceTree = "<group>"; };
		1FE599B02AE36B5100FDD617 /* Shogiban.swift */ = {isa = PBXFileReference; lastKnownFileType = sourcecode.swift; path = Shogiban.swift; sourceTree = "<group>"; };
/* End PBXFileReference section */

/* Begin PBXFrameworksBuildPhase section */
		1F4796302ADAA37C004FBF54 /* Frameworks */ = {
			isa = PBXFrameworksBuildPhase;
			buildActionMask = 2147483647;
			files = (
			);
			runOnlyForDeploymentPostprocessing = 0;
		};
		1F4796412ADAA37E004FBF54 /* Frameworks */ = {
			isa = PBXFrameworksBuildPhase;
			buildActionMask = 2147483647;
			files = (
			);
			runOnlyForDeploymentPostprocessing = 0;
		};
		1F47964B2ADAA37E004FBF54 /* Frameworks */ = {
			isa = PBXFrameworksBuildPhase;
			buildActionMask = 2147483647;
			files = (
			);
			runOnlyForDeploymentPostprocessing = 0;
		};
/* End PBXFrameworksBuildPhase section */

/* Begin PBXGroup section */
		1F47962A2ADAA37C004FBF54 = {
			isa = PBXGroup;
			children = (
				1F4796352ADAA37C004FBF54 /* Shogiban */,
				1F4796472ADAA37E004FBF54 /* ShogibanTests */,
				1F4796512ADAA37E004FBF54 /* ShogibanUITests */,
				1F4796342ADAA37C004FBF54 /* Products */,
			);
			sourceTree = "<group>";
		};
		1F4796342ADAA37C004FBF54 /* Products */ = {
			isa = PBXGroup;
			children = (
				1F4796332ADAA37C004FBF54 /* Shogiban.app */,
				1F4796442ADAA37E004FBF54 /* ShogibanTests.xctest */,
				1F47964E2ADAA37E004FBF54 /* ShogibanUITests.xctest */,
			);
			name = Products;
			sourceTree = "<group>";
		};
		1F4796352ADAA37C004FBF54 /* Shogiban */ = {
			isa = PBXGroup;
			children = (
				1F4796362ADAA37C004FBF54 /* ShogibanApp.swift */,
				1F4796382ADAA37C004FBF54 /* ContentView.swift */,
				1FE599B02AE36B5100FDD617 /* Shogiban.swift */,
				1F4796612ADAA56B004FBF54 /* ShogibanView.swift */,
				1F47963A2ADAA37E004FBF54 /* Assets.xcassets */,
				1F47963C2ADAA37E004FBF54 /* Shogiban.entitlements */,
				1F47963D2ADAA37E004FBF54 /* Preview Content */,
			);
			path = Shogiban;
			sourceTree = "<group>";
		};
		1F47963D2ADAA37E004FBF54 /* Preview Content */ = {
			isa = PBXGroup;
			children = (
				1F47963E2ADAA37E004FBF54 /* Preview Assets.xcassets */,
			);
			path = "Preview Content";
			sourceTree = "<group>";
		};
		1F4796472ADAA37E004FBF54 /* ShogibanTests */ = {
			isa = PBXGroup;
			children = (
				1F4796482ADAA37E004FBF54 /* ShogibanTests.swift */,
			);
			path = ShogibanTests;
			sourceTree = "<group>";
		};
		1F4796512ADAA37E004FBF54 /* ShogibanUITests */ = {
			isa = PBXGroup;
			children = (
				1F4796522ADAA37E004FBF54 /* ShogibanUITests.swift */,
				1F4796542ADAA37E004FBF54 /* ShogibanUITestsLaunchTests.swift */,
			);
			path = ShogibanUITests;
			sourceTree = "<group>";
		};
/* End PBXGroup section */

/* Begin PBXNativeTarget section */
		1F4796322ADAA37C004FBF54 /* Shogiban */ = {
			isa = PBXNativeTarget;
			buildConfigurationList = 1F4796582ADAA37E004FBF54 /* Build configuration list for PBXNativeTarget "Shogiban" */;
			buildPhases = (
				1F47962F2ADAA37C004FBF54 /* Sources */,
				1F4796302ADAA37C004FBF54 /* Frameworks */,
				1F4796312ADAA37C004FBF54 /* Resources */,
			);
			buildRules = (
			);
			dependencies = (
			);
			name = Shogiban;
			productName = Shogiban;
			productReference = 1F4796332ADAA37C004FBF54 /* Shogiban.app */;
			productType = "com.apple.product-type.application";
		};
		1F4796432ADAA37E004FBF54 /* ShogibanTests */ = {
			isa = PBXNativeTarget;
			buildConfigurationList = 1F47965B2ADAA37E004FBF54 /* Build configuration list for PBXNativeTarget "ShogibanTests" */;
			buildPhases = (
				1F4796402ADAA37E004FBF54 /* Sources */,
				1F4796412ADAA37E004FBF54 /* Frameworks */,
				1F4796422ADAA37E004FBF54 /* Resources */,
			);
			buildRules = (
			);
			dependencies = (
				1F4796462ADAA37E004FBF54 /* PBXTargetDependency */,
			);
			name = ShogibanTests;
			productName = ShogibanTests;
			productReference = 1F4796442ADAA37E004FBF54 /* ShogibanTests.xctest */;
			productType = "com.apple.product-type.bundle.unit-test";
		};
		1F47964D2ADAA37E004FBF54 /* ShogibanUITests */ = {
			isa = PBXNativeTarget;
			buildConfigurationList = 1F47965E2ADAA37E004FBF54 /* Build configuration list for PBXNativeTarget "ShogibanUITests" */;
			buildPhases = (
				1F47964A2ADAA37E004FBF54 /* Sources */,
				1F47964B2ADAA37E004FBF54 /* Frameworks */,
				1F47964C2ADAA37E004FBF54 /* Resources */,
			);
			buildRules = (
			);
			dependencies = (
				1F4796502ADAA37E004FBF54 /* PBXTargetDependency */,
			);
			name = ShogibanUITests;
			productName = ShogibanUITests;
			productReference = 1F47964E2ADAA37E004FBF54 /* ShogibanUITests.xctest */;
			productType = "com.apple.product-type.bundle.ui-testing";
		};
/* End PBXNativeTarget section */

/* Begin PBXProject section */
		1F47962B2ADAA37C004FBF54 /* Project object */ = {
			isa = PBXProject;
			attributes = {
				BuildIndependentTargetsInParallel = 1;
				LastSwiftUpdateCheck = 1500;
				LastUpgradeCheck = 1620;
				TargetAttributes = {
					1F4796322ADAA37C004FBF54 = {
						CreatedOnToolsVersion = 15.0;
					};
					1F4796432ADAA37E004FBF54 = {
						CreatedOnToolsVersion = 15.0;
						TestTargetID = 1F4796322ADAA37C004FBF54;
					};
					1F47964D2ADAA37E004FBF54 = {
						CreatedOnToolsVersion = 15.0;
						TestTargetID = 1F4796322ADAA37C004FBF54;
					};
				};
			};
			buildConfigurationList = 1F47962E2ADAA37C004FBF54 /* Build configuration list for PBXProject "Shogiban" */;
			compatibilityVersion = "Xcode 14.0";
			developmentRegion = en;
			hasScannedForEncodings = 0;
			knownRegions = (
				en,
				Base,
			);
			mainGroup = 1F47962A2ADAA37C004FBF54;
			productRefGroup = 1F4796342ADAA37C004FBF54 /* Products */;
			projectDirPath = "";
			projectRoot = "";
			targets = (
				1F4796322ADAA37C004FBF54 /* Shogiban */,
				1F4796432ADAA37E004FBF54 /* ShogibanTests */,
				1F47964D2ADAA37E004FBF54 /* ShogibanUITests */,
			);
		};
/* End PBXProject section */

/* Begin PBXResourcesBuildPhase section */
		1F4796312ADAA37C004FBF54 /* Resources */ = {
			isa = PBXResourcesBuildPhase;
			buildActionMask = 2147483647;
			files = (
				1F47963F2ADAA37E004FBF54 /* Preview Assets.xcassets in Resources */,
				1F47963B2ADAA37E004FBF54 /* Assets.xcassets in Resources */,
			);
			runOnlyForDeploymentPostprocessing = 0;
		};
		1F4796422ADAA37E004FBF54 /* Resources */ = {
			isa = PBXResourcesBuildPhase;
			buildActionMask = 2147483647;
			files = (
			);
			runOnlyForDeploymentPostprocessing = 0;
		};
		1F47964C2ADAA37E004FBF54 /* Resources */ = {
			isa = PBXResourcesBuildPhase;
			buildActionMask = 2147483647;
			files = (
			);
			runOnlyForDeploymentPostprocessing = 0;
		};
/* End PBXResourcesBuildPhase section */

/* Begin PBXSourcesBuildPhase section */
		1F47962F2ADAA37C004FBF54 /* Sources */ = {
			isa = PBXSourcesBuildPhase;
			buildActionMask = 2147483647;
			files = (
				1F4796392ADAA37C004FBF54 /* ContentView.swift in Sources */,
				1FE599B12AE36B5100FDD617 /* Shogiban.swift in Sources */,
				1F4796372ADAA37C004FBF54 /* ShogibanApp.swift in Sources */,
				1F4796622ADAA56B004FBF54 /* ShogibanView.swift in Sources */,
			);
			runOnlyForDeploymentPostprocessing = 0;
		};
		1F4796402ADAA37E004FBF54 /* Sources */ = {
			isa = PBXSourcesBuildPhase;
			buildActionMask = 2147483647;
			files = (
				1F0D4EC52AE6CFFA00D5BFCD /* ShogibanView.swift in Sources */,
				1F4796492ADAA37E004FBF54 /* ShogibanTests.swift in Sources */,
				1FE599B32AE4998600FDD617 /* Shogiban.swift in Sources */,
			);
			runOnlyForDeploymentPostprocessing = 0;
		};
		1F47964A2ADAA37E004FBF54 /* Sources */ = {
			isa = PBXSourcesBuildPhase;
			buildActionMask = 2147483647;
			files = (
				1F4796552ADAA37E004FBF54 /* ShogibanUITestsLaunchTests.swift in Sources */,
				1F4796532ADAA37E004FBF54 /* ShogibanUITests.swift in Sources */,
			);
			runOnlyForDeploymentPostprocessing = 0;
		};
/* End PBXSourcesBuildPhase section */

/* Begin PBXTargetDependency section */
		1F4796462ADAA37E004FBF54 /* PBXTargetDependency */ = {
			isa = PBXTargetDependency;
			target = 1F4796322ADAA37C004FBF54 /* Shogiban */;
			targetProxy = 1F4796452ADAA37E004FBF54 /* PBXContainerItemProxy */;
		};
		1F4796502ADAA37E004FBF54 /* PBXTargetDependency */ = {
			isa = PBXTargetDependency;
			target = 1F4796322ADAA37C004FBF54 /* Shogiban */;
			targetProxy = 1F47964F2ADAA37E004FBF54 /* PBXContainerItemProxy */;
		};
/* End PBXTargetDependency section */

/* Begin XCBuildConfiguration section */
		1F4796562ADAA37E004FBF54 /* Debug */ = {
			isa = XCBuildConfiguration;
			buildSettings = {
				ALWAYS_SEARCH_USER_PATHS = NO;
				ASSETCATALOG_COMPILER_GENERATE_SWIFT_ASSET_SYMBOL_EXTENSIONS = YES;
				CLANG_ANALYZER_NONNULL = YES;
				CLANG_ANALYZER_NUMBER_OBJECT_CONVERSION = YES_AGGRESSIVE;
				CLANG_CXX_LANGUAGE_STANDARD = "gnu++20";
				CLANG_ENABLE_MODULES = YES;
				CLANG_ENABLE_OBJC_ARC = YES;
				CLANG_ENABLE_OBJC_WEAK = YES;
				CLANG_WARN_BLOCK_CAPTURE_AUTORELEASING = YES;
				CLANG_WARN_BOOL_CONVERSION = YES;
				CLANG_WARN_COMMA = YES;
				CLANG_WARN_CONSTANT_CONVERSION = YES;
				CLANG_WARN_DEPRECATED_OBJC_IMPLEMENTATIONS = YES;
				CLANG_WARN_DIRECT_OBJC_ISA_USAGE = YES_ERROR;
				CLANG_WARN_DOCUMENTATION_COMMENTS = YES;
				CLANG_WARN_EMPTY_BODY = YES;
				CLANG_WARN_ENUM_CONVERSION = YES;
				CLANG_WARN_INFINITE_RECURSION = YES;
				CLANG_WARN_INT_CONVERSION = YES;
				CLANG_WARN_NON_LITERAL_NULL_CONVERSION = YES;
				CLANG_WARN_OBJC_IMPLICIT_RETAIN_SELF = YES;
				CLANG_WARN_OBJC_LITERAL_CONVERSION = YES;
				CLANG_WARN_OBJC_ROOT_CLASS = YES_ERROR;
				CLANG_WARN_QUOTED_INCLUDE_IN_FRAMEWORK_HEADER = YES;
				CLANG_WARN_RANGE_LOOP_ANALYSIS = YES;
				CLANG_WARN_STRICT_PROTOTYPES = YES;
				CLANG_WARN_SUSPICIOUS_MOVE = YES;
				CLANG_WARN_UNGUARDED_AVAILABILITY = YES_AGGRESSIVE;
				CLANG_WARN_UNREACHABLE_CODE = YES;
				CLANG_WARN__DUPLICATE_METHOD_MATCH = YES;
				COPY_PHASE_STRIP = NO;
				DEAD_CODE_STRIPPING = YES;
				DEBUG_INFORMATION_FORMAT = dwarf;
				ENABLE_STRICT_OBJC_MSGSEND = YES;
				ENABLE_TESTABILITY = YES;
				ENABLE_USER_SCRIPT_SANDBOXING = YES;
				GCC_C_LANGUAGE_STANDARD = gnu17;
				GCC_DYNAMIC_NO_PIC = NO;
				GCC_NO_COMMON_BLOCKS = YES;
				GCC_OPTIMIZATION_LEVEL = 0;
				GCC_PREPROCESSOR_DEFINITIONS = (
					"DEBUG=1",
					"$(inherited)",
				);
				GCC_WARN_64_TO_32_BIT_CONVERSION = YES;
				GCC_WARN_ABOUT_RETURN_TYPE = YES_ERROR;
				GCC_WARN_UNDECLARED_SELECTOR = YES;
				GCC_WARN_UNINITIALIZED_AUTOS = YES_AGGRESSIVE;
				GCC_WARN_UNUSED_FUNCTION = YES;
				GCC_WARN_UNUSED_VARIABLE = YES;
				LOCALIZATION_PREFERS_STRING_CATALOGS = YES;
				MTL_ENABLE_DEBUG_INFO = INCLUDE_SOURCE;
				MTL_FAST_MATH = YES;
				ONLY_ACTIVE_ARCH = YES;
				SWIFT_ACTIVE_COMPILATION_CONDITIONS = "DEBUG $(inherited)";
				SWIFT_OPTIMIZATION_LEVEL = "-Onone";
			};
			name = Debug;
		};
		1F4796572ADAA37E004FBF54 /* Release */ = {
			isa = XCBuildConfiguration;
			buildSettings = {
				ALWAYS_SEARCH_USER_PATHS = NO;
				ASSETCATALOG_COMPILER_GENERATE_SWIFT_ASSET_SYMBOL_EXTENSIONS = YES;
				CLANG_ANALYZER_NONNULL = YES;
				CLANG_ANALYZER_NUMBER_OBJECT_CONVERSION = YES_AGGRESSIVE;
				CLANG_CXX_LANGUAGE_STANDARD = "gnu++20";
				CLANG_ENABLE_MODULES = YES;
				CLANG_ENABLE_OBJC_ARC = YES;
				CLANG_ENABLE_OBJC_WEAK = YES;
				CLANG_WARN_BLOCK_CAPTURE_AUTORELEASING = YES;
				CLANG_WARN_BOOL_CONVERSION = YES;
				CLANG_WARN_COMMA = YES;
				CLANG_WARN_CONSTANT_CONVERSION = YES;
				CLANG_WARN_DEPRECATED_OBJC_IMPLEMENTATIONS = YES;
				CLANG_WARN_DIRECT_OBJC_ISA_USAGE = YES_ERROR;
				CLANG_WARN_DOCUMENTATION_COMMENTS = YES;
				CLANG_WARN_EMPTY_BODY = YES;
				CLANG_WARN_ENUM_CONVERSION = YES;
				CLANG_WARN_INFINITE_RECURSION = YES;
				CLANG_WARN_INT_CONVERSION = YES;
				CLANG_WARN_NON_LITERAL_NULL_CONVERSION = YES;
				CLANG_WARN_OBJC_IMPLICIT_RETAIN_SELF = YES;
				CLANG_WARN_OBJC_LITERAL_CONVERSION = YES;
				CLANG_WARN_OBJC_ROOT_CLASS = YES_ERROR;
				CLANG_WARN_QUOTED_INCLUDE_IN_FRAMEWORK_HEADER = YES;
				CLANG_WARN_RANGE_LOOP_ANALYSIS = YES;
				CLANG_WARN_STRICT_PROTOTYPES = YES;
				CLANG_WARN_SUSPICIOUS_MOVE = YES;
				CLANG_WARN_UNGUARDED_AVAILABILITY = YES_AGGRESSIVE;
				CLANG_WARN_UNREACHABLE_CODE = YES;
				CLANG_WARN__DUPLICATE_METHOD_MATCH = YES;
				COPY_PHASE_STRIP = NO;
				DEAD_CODE_STRIPPING = YES;
				DEBUG_INFORMATION_FORMAT = "dwarf-with-dsym";
				ENABLE_NS_ASSERTIONS = NO;
				ENABLE_STRICT_OBJC_MSGSEND = YES;
				ENABLE_USER_SCRIPT_SANDBOXING = YES;
				GCC_C_LANGUAGE_STANDARD = gnu17;
				GCC_NO_COMMON_BLOCKS = YES;
				GCC_WARN_64_TO_32_BIT_CONVERSION = YES;
				GCC_WARN_ABOUT_RETURN_TYPE = YES_ERROR;
				GCC_WARN_UNDECLARED_SELECTOR = YES;
				GCC_WARN_UNINITIALIZED_AUTOS = YES_AGGRESSIVE;
				GCC_WARN_UNUSED_FUNCTION = YES;
				GCC_WARN_UNUSED_VARIABLE = YES;
				LOCALIZATION_PREFERS_STRING_CATALOGS = YES;
				MTL_ENABLE_DEBUG_INFO = NO;
				MTL_FAST_MATH = YES;
				SWIFT_COMPILATION_MODE = wholemodule;
			};
			name = Release;
		};
		1F4796592ADAA37E004FBF54 /* Debug */ = {
			isa = XCBuildConfiguration;
			buildSettings = {
				ASSETCATALOG_COMPILER_APPICON_NAME = AppIcon;
				ASSETCATALOG_COMPILER_GLOBAL_ACCENT_COLOR_NAME = AccentColor;
				CODE_SIGN_ENTITLEMENTS = Shogiban/Shogiban.entitlements;
				"CODE_SIGN_IDENTITY[sdk=macosx*]" = "-";
				CODE_SIGN_STYLE = Automatic;
				CURRENT_PROJECT_VERSION = 1;
				DEAD_CODE_STRIPPING = YES;
				DEVELOPMENT_ASSET_PATHS = "\"Shogiban/Preview Content\"";
				DEVELOPMENT_TEAM = 7PCDT74GU2;
				ENABLE_HARDENED_RUNTIME = YES;
				ENABLE_PREVIEWS = YES;
				GENERATE_INFOPLIST_FILE = YES;
				"INFOPLIST_KEY_UIApplicationSceneManifest_Generation[sdk=iphoneos*]" = YES;
				"INFOPLIST_KEY_UIApplicationSceneManifest_Generation[sdk=iphonesimulator*]" = YES;
				"INFOPLIST_KEY_UIApplicationSupportsIndirectInputEvents[sdk=iphoneos*]" = YES;
				"INFOPLIST_KEY_UIApplicationSupportsIndirectInputEvents[sdk=iphonesimulator*]" = YES;
				"INFOPLIST_KEY_UILaunchScreen_Generation[sdk=iphoneos*]" = YES;
				"INFOPLIST_KEY_UILaunchScreen_Generation[sdk=iphonesimulator*]" = YES;
				"INFOPLIST_KEY_UIStatusBarStyle[sdk=iphoneos*]" = UIStatusBarStyleDefault;
				"INFOPLIST_KEY_UIStatusBarStyle[sdk=iphonesimulator*]" = UIStatusBarStyleDefault;
				INFOPLIST_KEY_UISupportedInterfaceOrientations_iPad = "UIInterfaceOrientationPortrait UIInterfaceOrientationPortraitUpsideDown UIInterfaceOrientationLandscapeLeft UIInterfaceOrientationLandscapeRight";
				INFOPLIST_KEY_UISupportedInterfaceOrientations_iPhone = "UIInterfaceOrientationPortrait UIInterfaceOrientationLandscapeLeft UIInterfaceOrientationLandscapeRight";
				IPHONEOS_DEPLOYMENT_TARGET = 17.0;
				LD_RUNPATH_SEARCH_PATHS = "@executable_path/Frameworks";
				"LD_RUNPATH_SEARCH_PATHS[sdk=macosx*]" = "@executable_path/../Frameworks";
				MACOSX_DEPLOYMENT_TARGET = 14.0;
				MARKETING_VERSION = 1.0;
				PRODUCT_BUNDLE_IDENTIFIER = net.caddr.Shogiban;
				PRODUCT_NAME = "$(TARGET_NAME)";
				SDKROOT = auto;
				SUPPORTED_PLATFORMS = "iphoneos iphonesimulator macosx";
				SWIFT_EMIT_LOC_STRINGS = YES;
				SWIFT_VERSION = 5.0;
				TARGETED_DEVICE_FAMILY = "1,2";
			};
			name = Debug;
		};
		1F47965A2ADAA37E004FBF54 /* Release */ = {
			isa = XCBuildConfiguration;
			buildSettings = {
				ASSETCATALOG_COMPILER_APPICON_NAME = AppIcon;
				ASSETCATALOG_COMPILER_GLOBAL_ACCENT_COLOR_NAME = AccentColor;
				CODE_SIGN_ENTITLEMENTS = Shogiban/Shogiban.entitlements;
				"CODE_SIGN_IDENTITY[sdk=macosx*]" = "-";
				CODE_SIGN_STYLE = Automatic;
				CURRENT_PROJECT_VERSION = 1;
				DEAD_CODE_STRIPPING = YES;
				DEVELOPMENT_ASSET_PATHS = "\"Shogiban/Preview Content\"";
				DEVELOPMENT_TEAM = 7PCDT74GU2;
				ENABLE_HARDENED_RUNTIME = YES;
				ENABLE_PREVIEWS = YES;
				GENERATE_INFOPLIST_FILE = YES;
				"INFOPLIST_KEY_UIApplicationSceneManifest_Generation[sdk=iphoneos*]" = YES;
				"INFOPLIST_KEY_UIApplicationSceneManifest_Generation[sdk=iphonesimulator*]" = YES;
				"INFOPLIST_KEY_UIApplicationSupportsIndirectInputEvents[sdk=iphoneos*]" = YES;
				"INFOPLIST_KEY_UIApplicationSupportsIndirectInputEvents[sdk=iphonesimulator*]" = YES;
				"INFOPLIST_KEY_UILaunchScreen_Generation[sdk=iphoneos*]" = YES;
				"INFOPLIST_KEY_UILaunchScreen_Generation[sdk=iphonesimulator*]" = YES;
				"INFOPLIST_KEY_UIStatusBarStyle[sdk=iphoneos*]" = UIStatusBarStyleDefault;
				"INFOPLIST_KEY_UIStatusBarStyle[sdk=iphonesimulator*]" = UIStatusBarStyleDefault;
				INFOPLIST_KEY_UISupportedInterfaceOrientations_iPad = "UIInterfaceOrientationPortrait UIInterfaceOrientationPortraitUpsideDown UIInterfaceOrientationLandscapeLeft UIInterfaceOrientationLandscapeRight";
				INFOPLIST_KEY_UISupportedInterfaceOrientations_iPhone = "UIInterfaceOrientationPortrait UIInterfaceOrientationLandscapeLeft UIInterfaceOrientationLandscapeRight";
				IPHONEOS_DEPLOYMENT_TARGET = 17.0;
				LD_RUNPATH_SEARCH_PATHS = "@executable_path/Frameworks";
				"LD_RUNPATH_SEARCH_PATHS[sdk=macosx*]" = "@executable_path/../Frameworks";
				MACOSX_DEPLOYMENT_TARGET = 14.0;
				MARKETING_VERSION = 1.0;
				PRODUCT_BUNDLE_IDENTIFIER = net.caddr.Shogiban;
				PRODUCT_NAME = "$(TARGET_NAME)";
				SDKROOT = auto;
				SUPPORTED_PLATFORMS = "iphoneos iphonesimulator macosx";
				SWIFT_EMIT_LOC_STRINGS = YES;
				SWIFT_VERSION = 5.0;
				TARGETED_DEVICE_FAMILY = "1,2";
			};
			name = Release;
		};
		1F47965C2ADAA37E004FBF54 /* Debug */ = {
			isa = XCBuildConfiguration;
			buildSettings = {
				BUNDLE_LOADER = "$(TEST_HOST)";
				"CODE_SIGN_IDENTITY[sdk=macosx*]" = "-";
				CODE_SIGN_STYLE = Automatic;
				CURRENT_PROJECT_VERSION = 1;
				DEAD_CODE_STRIPPING = YES;
				DEVELOPMENT_TEAM = 7PCDT74GU2;
				GENERATE_INFOPLIST_FILE = YES;
				IPHONEOS_DEPLOYMENT_TARGET = 17.0;
				MACOSX_DEPLOYMENT_TARGET = 14.0;
				MARKETING_VERSION = 1.0;
				PRODUCT_BUNDLE_IDENTIFIER = net.caddr.ShogibanTests;
				PRODUCT_NAME = "$(TARGET_NAME)";
				SDKROOT = auto;
				SUPPORTED_PLATFORMS = "iphoneos iphonesimulator macosx";
				SWIFT_EMIT_LOC_STRINGS = NO;
				SWIFT_VERSION = 5.0;
				TARGETED_DEVICE_FAMILY = "1,2";
				TEST_HOST = "$(BUILT_PRODUCTS_DIR)/Shogiban.app/$(BUNDLE_EXECUTABLE_FOLDER_PATH)/Shogiban";
			};
			name = Debug;
		};
		1F47965D2ADAA37E004FBF54 /* Release */ = {
			isa = XCBuildConfiguration;
			buildSettings = {
				BUNDLE_LOADER = "$(TEST_HOST)";
				"CODE_SIGN_IDENTITY[sdk=macosx*]" = "-";
				CODE_SIGN_STYLE = Automatic;
				CURRENT_PROJECT_VERSION = 1;
				DEAD_CODE_STRIPPING = YES;
				DEVELOPMENT_TEAM = 7PCDT74GU2;
				GENERATE_INFOPLIST_FILE = YES;
				IPHONEOS_DEPLOYMENT_TARGET = 17.0;
				MACOSX_DEPLOYMENT_TARGET = 14.0;
				MARKETING_VERSION = 1.0;
				PRODUCT_BUNDLE_IDENTIFIER = net.caddr.ShogibanTests;
				PRODUCT_NAME = "$(TARGET_NAME)";
				SDKROOT = auto;
				SUPPORTED_PLATFORMS = "iphoneos iphonesimulator macosx";
				SWIFT_EMIT_LOC_STRINGS = NO;
				SWIFT_VERSION = 5.0;
				TARGETED_DEVICE_FAMILY = "1,2";
				TEST_HOST = "$(BUILT_PRODUCTS_DIR)/Shogiban.app/$(BUNDLE_EXECUTABLE_FOLDER_PATH)/Shogiban";
			};
			name = Release;
		};
		1F47965F2ADAA37E004FBF54 /* Debug */ = {
			isa = XCBuildConfiguration;
			buildSettings = {
				"CODE_SIGN_IDENTITY[sdk=macosx*]" = "-";
				CODE_SIGN_STYLE = Automatic;
				CURRENT_PROJECT_VERSION = 1;
				DEAD_CODE_STRIPPING = YES;
				DEVELOPMENT_TEAM = 7PCDT74GU2;
				GENERATE_INFOPLIST_FILE = YES;
				IPHONEOS_DEPLOYMENT_TARGET = 17.0;
				MACOSX_DEPLOYMENT_TARGET = 14.0;
				MARKETING_VERSION = 1.0;
				PRODUCT_BUNDLE_IDENTIFIER = net.caddr.ShogibanUITests;
				PRODUCT_NAME = "$(TARGET_NAME)";
				PROVISIONING_PROFILE = "";
				SDKROOT = auto;
				SUPPORTED_PLATFORMS = "iphoneos iphonesimulator macosx";
				SWIFT_EMIT_LOC_STRINGS = NO;
				SWIFT_VERSION = 5.0;
				TARGETED_DEVICE_FAMILY = "1,2";
				TEST_TARGET_NAME = Shogiban;
			};
			name = Debug;
		};
		1F4796602ADAA37E004FBF54 /* Release */ = {
			isa = XCBuildConfiguration;
			buildSettings = {
				"CODE_SIGN_IDENTITY[sdk=macosx*]" = "-";
				CODE_SIGN_STYLE = Automatic;
				CURRENT_PROJECT_VERSION = 1;
				DEAD_CODE_STRIPPING = YES;
				DEVELOPMENT_TEAM = 7PCDT74GU2;
				GENERATE_INFOPLIST_FILE = YES;
				IPHONEOS_DEPLOYMENT_TARGET = 17.0;
				MACOSX_DEPLOYMENT_TARGET = 14.0;
				MARKETING_VERSION = 1.0;
				PRODUCT_BUNDLE_IDENTIFIER = net.caddr.ShogibanUITests;
				PRODUCT_NAME = "$(TARGET_NAME)";
				PROVISIONING_PROFILE = "";
				SDKROOT = auto;
				SUPPORTED_PLATFORMS = "iphoneos iphonesimulator macosx";
				SWIFT_EMIT_LOC_STRINGS = NO;
				SWIFT_VERSION = 5.0;
				TARGETED_DEVICE_FAMILY = "1,2";
				TEST_TARGET_NAME = Shogiban;
			};
			name = Release;
		};
/* End XCBuildConfiguration section */

/* Begin XCConfigurationList section */
		1F47962E2ADAA37C004FBF54 /* Build configuration list for PBXProject "Shogiban" */ = {
			isa = XCConfigurationList;
			buildConfigurations = (
				1F4796562ADAA37E004FBF54 /* Debug */,
				1F4796572ADAA37E004FBF54 /* Release */,
			);
			defaultConfigurationIsVisible = 0;
			defaultConfigurationName = Release;
		};
		1F4796582ADAA37E004FBF54 /* Build configuration list for PBXNativeTarget "Shogiban" */ = {
			isa = XCConfigurationList;
			buildConfigurations = (
				1F4796592ADAA37E004FBF54 /* Debug */,
				1F47965A2ADAA37E004FBF54 /* Release */,
			);
			defaultConfigurationIsVisible = 0;
			defaultConfigurationName = Release;
		};
		1F47965B2ADAA37E004FBF54 /* Build configuration list for PBXNativeTarget "ShogibanTests" */ = {
			isa = XCConfigurationList;
			buildConfigurations = (
				1F47965C2ADAA37E004FBF54 /* Debug */,
				1F47965D2ADAA37E004FBF54 /* Release */,
			);
			defaultConfigurationIsVisible = 0;
			defaultConfigurationName = Release;
		};
		1F47965E2ADAA37E004FBF54 /* Build configuration list for PBXNativeTarget "ShogibanUITests" */ = {
			isa = XCConfigurationList;
			buildConfigurations = (
				1F47965F2ADAA37E004FBF54 /* Debug */,
				1F4796602ADAA37E004FBF54 /* Release */,
			);
			defaultConfigurationIsVisible = 0;
			defaultConfigurationName = Release;
		};
/* End XCConfigurationList section */
	};
	rootObject = 1F47962B2ADAA37C004FBF54 /* Project object */;
}
